
Microsoft Visual Studio Solution File, Format Version 12.00
# Visual Studio Version 17
VisualStudioVersion = 17.5.002.0
MinimumVisualStudioVersion = 10.0.40219.1
Project("{9A19103F-16F7-4668-BE54-9A1E7A4F7556}") = "ITS-Web", "ITS-Web.csproj", "{D9B4F1F9-B2A0-4669-82BC-C32E45A03052}"
EndProject
Global
	GlobalSection(SolutionConfigurationPlatforms) = preSolution
		Debug|Any CPU = Debug|Any CPU
		Release|Any CPU = Release|Any CPU
	EndGlobalSection
	GlobalSection(ProjectConfigurationPlatforms) = postSolution
		{D9B4F1F9-B2A0-4669-82BC-C32E45A03052}.Debug|Any CPU.ActiveCfg = Debug|Any CPU
		{D9B4F1F9-B2A0-4669-82BC-C32E45A03052}.Debug|Any CPU.Build.0 = Debug|Any CPU
		{D9B4F1F9-B2A0-4669-82BC-C32E45A03052}.Release|Any CPU.ActiveCfg = Release|Any CPU
		{D9B4F1F9-B2A0-4669-82BC-C32E45A03052}.Release|Any CPU.Build.0 = Release|Any CPU
	EndGlobalSection
	GlobalSection(SolutionProperties) = preSolution
		HideSolutionNode = FALSE
	EndGlobalSection
	GlobalSection(ExtensibilityGlobals) = postSolution
		SolutionGuid = {828FF789-CB16-49FC-9973-F744EF8563BD}
	EndGlobalSection
EndGlobal
