
Microsoft Visual Studio Solution File, Format Version 12.00
# Visual Studio Version 17
VisualStudioVersion = 17.5.002.0
MinimumVisualStudioVersion = 10.0.40219.1
Project("{9A19103F-16F7-4668-BE54-9A1E7A4F7556}") = "ITS-Web", "ITS-Web.csproj", "{187E0708-A0E7-4A53-8158-F5BE2A90016A}"
EndProject
Global
	GlobalSection(SolutionConfigurationPlatforms) = preSolution
		Debug|Any CPU = Debug|Any CPU
		Release|Any CPU = Release|Any CPU
	EndGlobalSection
	GlobalSection(ProjectConfigurationPlatforms) = postSolution
		{187E0708-A0E7-4A53-8158-F5BE2A90016A}.Debug|Any CPU.ActiveCfg = Debug|Any CPU
		{187E0708-A0E7-4A53-8158-F5BE2A90016A}.Debug|Any CPU.Build.0 = Debug|Any CPU
		{187E0708-A0E7-4A53-8158-F5BE2A90016A}.Release|Any CPU.ActiveCfg = Release|Any CPU
		{187E0708-A0E7-4A53-8158-F5BE2A90016A}.Release|Any CPU.Build.0 = Release|Any CPU
	EndGlobalSection
	GlobalSection(SolutionProperties) = preSolution
		HideSolutionNode = FALSE
	EndGlobalSection
	GlobalSection(ExtensibilityGlobals) = postSolution
		SolutionGuid = {194FA2C0-EAF0-4F1F-BE8B-DF5F882F2860}
	EndGlobalSection
EndGlobal
